# 由当前已测环境导出的依赖锁（python -m pytest 全量通过版本），CI 使用本文件保证可复现。
# 更新方式：修改 requirements.txt 后重新生成（uv pip compile 或依赖闭包脚本）。
aiohappyeyeballs==2.7.1
aiohttp==3.14.3
aiosignal==1.4.0
annotated-doc==0.0.5
annotated-types==0.7.0
anyio==4.12.1
apscheduler==3.11.3
asyncssh==2.24.0
attrs==25.4.0
certifi==2024.7.4
cffi==2.0.0
charset-normalizer==2.0.12
click==8.3.1
colorama==0.4.6
cryptography==50.0.2
fastapi==0.141.1
frozenlist==1.8.0
h11==0.16.0
httpcore==1.0.9
httpcore2==2.12.0
httpx==0.28.1
httpx2==2.12.0
idna==3.19
iniconfig==2.3.0
jiter==0.16.0
multidict==6.9.1
openai==3.6.0
packaging==25.0
pluggy==1.6.0
propcache==0.5.4
pycparser==2.23
pycryptodome==3.23.0
pydantic==2.12.5
pydantic-core==2.41.5
pyee==13.0.1
pygments==2.19.2
pytest==9.1.1
pytest-asyncio==1.4.0
python-dotenv==1.2.2
requests==2.32.3
ruff==0.16.10
sniffio==1.3.1
starlette==0.52.1
truststore==0.10.4
typing-extensions==4.15.0
typing-inspection==0.4.2
tzdata==2025.3
tzlocal==5.4.4
urllib3==1.26.19
uvicorn==0.41.0
websocket-client==1.9.0
websockets==16.1.1
wecom-aibot-python-sdk==1.0.2
yarl==1.25.1
